{
  "name": "posedance-functions",
  "version": "0.1.0",
  "lockfileVersion": 1,
  "requires": true,
  "dependencies": {
    "playfab-sdk": {
      "version": "2.46.200422",
      "resolved": "https://registry.npmjs.org/playfab-sdk/-/playfab-sdk-2.46.200422.tgz",
      "integrity": "sha512-WLi0OLa4E5E7m/jCRtSyrjtGSfvDQ5RmjHtMfYVE5cabK7bmh9/mrMUskmak3SP3pDL/7NIOjUEqgrLitSoFnA=="
    }
  }
}
